
Microsoft Visual Studio Solution File, Format Version 12.00
# Visual Studio 15
VisualStudioVersion = 15.0.27004.2009
MinimumVisualStudioVersion = 10.0.40219.1
Project("{FAE04EC0-301F-11D3-BF4B-00C04F79EFBC}") = "CourseManagementSystem", "CourseManagementSystem\CourseManagementSystem.csproj", "{EC40ADC9-03F4-46C9-8E47-E72245CB928D}"
EndProject
Global
	GlobalSection(SolutionConfigurationPlatforms) = preSolution
		Debug|Any CPU = Debug|Any CPU
		Release|Any CPU = Release|Any CPU
	EndGlobalSection
	GlobalSection(ProjectConfigurationPlatforms) = postSolution
		{EC40ADC9-03F4-46C9-8E47-E72245CB928D}.Debug|Any CPU.ActiveCfg = Debug|Any CPU
		{EC40ADC9-03F4-46C9-8E47-E72245CB928D}.Debug|Any CPU.Build.0 = Debug|Any CPU
		{EC40ADC9-03F4-46C9-8E47-E72245CB928D}.Release|Any CPU.ActiveCfg = Release|Any CPU
		{EC40ADC9-03F4-46C9-8E47-E72245CB928D}.Release|Any CPU.Build.0 = Release|Any CPU
	EndGlobalSection
	GlobalSection(SolutionProperties) = preSolution
		HideSolutionNode = FALSE
	EndGlobalSection
	GlobalSection(ExtensibilityGlobals) = postSolution
		SolutionGuid = {0D366F99-9F05-4C8C-A398-FC18055DBA8D}
	EndGlobalSection
EndGlobal
